// !$*UTF8*$!
{
	archiveVersion = 1;
	classes = {
	};
	objectVersion = 51;
	objects = {

/* Begin PBXBuildFile section */
		076569DDADB4382A77CF0219 /* Pods_ParstagramTests.framework in Frameworks */ = {isa = PBXBuildFile; fileRef = E878F649DF2BBF2B84CD3E9E /* Pods_ParstagramTests.framework */; };
		0DBE5E9F263A3A1E00568E57 /* AppDelegate.swift in Sources */ = {isa = PBXBuildFile; fileRef = 0DBE5E9E263A3A1E00568E57 /* AppDelegate.swift */; };
		0DBE5EA1263A3A1E00568E57 /* SceneDelegate.swift in Sources */ = {isa = PBXBuildFile; fileRef = 0DBE5EA0263A3A1E00568E57 /* SceneDelegate.swift */; };
		0DBE5EA6263A3A1E00568E57 /* Main.storyboard in Resources */ = {isa = PBXBuildFile; fileRef = 0DBE5EA4263A3A1E00568E57 /* Main.storyboard */; };
		0DBE5EA8263A3A1F00568E57 /* Assets.xcassets in Resources */ = {isa = PBXBuildFile; fileRef = 0DBE5EA7263A3A1F00568E57 /* Assets.xcassets */; };
		0DBE5EAB263A3A1F00568E57 /* LaunchScreen.storyboard in Resources */ = {isa = PBXBuildFile; fileRef = 0DBE5EA9263A3A1F00568E57 /* LaunchScreen.storyboard */; };
		0DBE5EB6263A3A1F00568E57 /* ParstagramTests.swift in Sources */ = {isa = PBXBuildFile; fileRef = 0DBE5EB5263A3A1F00568E57 /* ParstagramTests.swift */; };
		0DBE5EC1263A3A2000568E57 /* ParstagramUITests.swift in Sources */ = {isa = PBXBuildFile; fileRef = 0DBE5EC0263A3A2000568E57 /* ParstagramUITests.swift */; };
		0DBE5EE1263A3E6700568E57 /* LoginViewController.swift in Sources */ = {isa = PBXBuildFile; fileRef = 0DBE5EE0263A3E6700568E57 /* LoginViewController.swift */; };
		0DBE5EE6263A3E8100568E57 /* FeedViewController.swift in Sources */ = {isa = PBXBuildFile; fileRef = 0DBE5EE5263A3E8100568E57 /* FeedViewController.swift */; };
		0DBE5EEB263A4CA100568E57 /* CameraViewController.swift in Sources */ = {isa = PBXBuildFile; fileRef = 0DBE5EEA263A4CA100568E57 /* CameraViewController.swift */; };
		0DBE5EFB263A83B600568E57 /* PostCell.swift in Sources */ = {isa = PBXBuildFile; fileRef = 0DBE5EFA263A83B600568E57 /* PostCell.swift */; };
		312DB1BBA202835456F90312 /* Pods_Parstagram.framework in Frameworks */ = {isa = PBXBuildFile; fileRef = 6DCB0732A3E4278CAC7310DF /* Pods_Parstagram.framework */; };
		6B96354121B13F72648E47B8 /* Pods_Parstagram_ParstagramUITests.framework in Frameworks */ = {isa = PBXBuildFile; fileRef = 43F628813F4D44A4C69149B2 /* Pods_Parstagram_ParstagramUITests.framework */; };
/* End PBXBuildFile section */

/* Begin PBXContainerItemProxy section */
		0DBE5EB2263A3A1F00568E57 /* PBXContainerItemProxy */ = {
			isa = PBXContainerItemProxy;
			containerPortal = 0DBE5E93263A3A1E00568E57 /* Project object */;
			proxyType = 1;
			remoteGlobalIDString = 0DBE5E9A263A3A1E00568E57;
			remoteInfo = Parstagram;
		};
		0DBE5EBD263A3A2000568E57 /* PBXContainerItemProxy */ = {
			isa = PBXContainerItemProxy;
			containerPortal = 0DBE5E93263A3A1E00568E57 /* Project object */;
			proxyType = 1;
			remoteGlobalIDString = 0DBE5E9A263A3A1E00568E57;
			remoteInfo = Parstagram;
		};
/* End PBXContainerItemProxy section */

/* Begin PBXFileReference section */
		0DBE5E9B263A3A1E00568E57 /* Parstagram.app */ = {isa = PBXFileReference; explicitFileType = wrapper.application; includeInIndex = 0; path = Parstagram.app; sourceTree = BUILT_PRODUCTS_DIR; };
		0DBE5E9E263A3A1E00568E57 /* AppDelegate.swift */ = {isa = PBXFileReference; lastKnownFileType = sourcecode.swift; path = AppDelegate.swift; sourceTree = "<group>"; };
		0DBE5EA0263A3A1E00568E57 /* SceneDelegate.swift */ = {isa = PBXFileReference; lastKnownFileType = sourcecode.swift; path = SceneDelegate.swift; sourceTree = "<group>"; };
		0DBE5EA5263A3A1E00568E57 /* Base */ = {isa = PBXFileReference; lastKnownFileType = file.storyboard; name = Base; path = Base.lproj/Main.storyboard; sourceTree = "<group>"; };
		0DBE5EA7263A3A1F00568E57 /* Assets.xcassets */ = {isa = PBXFileReference; lastKnownFileType = folder.assetcatalog; path = Assets.xcassets; sourceTree = "<group>"; };
		0DBE5EAA263A3A1F00568E57 /* Base */ = {isa = PBXFileReference; lastKnownFileType = file.storyboard; name = Base; path = Base.lproj/LaunchScreen.storyboard; sourceTree = "<group>"; };
		0DBE5EAC263A3A1F00568E57 /* Info.plist */ = {isa = PBXFileReference; lastKnownFileType = text.plist.xml; path = Info.plist; sourceTree = "<group>"; };
		0DBE5EB1263A3A1F00568E57 /* ParstagramTests.xctest */ = {isa = PBXFileReference; explicitFileType = wrapper.cfbundle; includeInIndex = 0; path = ParstagramTests.xctest; sourceTree = BUILT_PRODUCTS_DIR; };
		0DBE5EB5263A3A1F00568E57 /* ParstagramTests.swift */ = {isa = PBXFileReference; lastKnownFileType = sourcecode.swift; path = ParstagramTests.swift; sourceTree = "<group>"; };
		0DBE5EB7263A3A1F00568E57 /* Info.plist */ = {isa = PBXFileReference; lastKnownFileType = text.plist.xml; path = Info.plist; sourceTree = "<group>"; };
		0DBE5EBC263A3A2000568E57 /* ParstagramUITests.xctest */ = {isa = PBXFileReference; explicitFileType = wrapper.cfbundle; includeInIndex = 0; path = ParstagramUITests.xctest; sourceTree = BUILT_PRODUCTS_DIR; };
		0DBE5EC0263A3A2000568E57 /* ParstagramUITests.swift */ = {isa = PBXFileReference; lastKnownFileType = sourcecode.swift; path = ParstagramUITests.swift; sourceTree = "<group>"; };
		0DBE5EC2263A3A2000568E57 /* Info.plist */ = {isa = PBXFileReference; lastKnownFileType = text.plist.xml; path = Info.plist; sourceTree = "<group>"; };
		0DBE5EE0263A3E6700568E57 /* LoginViewController.swift */ = {isa = PBXFileReference; lastKnownFileType = sourcecode.swift; path = LoginViewController.swift; sourceTree = "<group>"; };
		0DBE5EE5263A3E8100568E57 /* FeedViewController.swift */ = {isa = PBXFileReference; lastKnownFileType = sourcecode.swift; path = FeedViewController.swift; sourceTree = "<group>"; };
		0DBE5EEA263A4CA100568E57 /* CameraViewController.swift */ = {isa = PBXFileReference; lastKnownFileType = sourcecode.swift; path = CameraViewController.swift; sourceTree = "<group>"; };
		0DBE5EFA263A83B600568E57 /* PostCell.swift */ = {isa = PBXFileReference; lastKnownFileType = sourcecode.swift; path = PostCell.swift; sourceTree = "<group>"; };
		199772FF647B27DBF3F07151 /* Pods-Parstagram-ParstagramUITests.debug.xcconfig */ = {isa = PBXFileReference; includeInIndex = 1; lastKnownFileType = text.xcconfig; name = "Pods-Parstagram-ParstagramUITests.debug.xcconfig"; path = "Target Support Files/Pods-Parstagram-ParstagramUITests/Pods-Parstagram-ParstagramUITests.debug.xcconfig"; sourceTree = "<group>"; };
		3C8E4879C02A092D0115C3B2 /* Pods-ParstagramTests.debug.xcconfig */ = {isa = PBXFileReference; includeInIndex = 1; lastKnownFileType = text.xcconfig; name = "Pods-ParstagramTests.debug.xcconfig"; path = "Target Support Files/Pods-ParstagramTests/Pods-ParstagramTests.debug.xcconfig"; sourceTree = "<group>"; };
		43F628813F4D44A4C69149B2 /* Pods_Parstagram_ParstagramUITests.framework */ = {isa = PBXFileReference; explicitFileType = wrapper.framework; includeInIndex = 0; path = Pods_Parstagram_ParstagramUITests.framework; sourceTree = BUILT_PRODUCTS_DIR; };
		5F6D2D6F8BA2E071A3203643 /* Pods-Parstagram-ParstagramUITests.release.xcconfig */ = {isa = PBXFileReference; includeInIndex = 1; lastKnownFileType = text.xcconfig; name = "Pods-Parstagram-ParstagramUITests.release.xcconfig"; path = "Target Support Files/Pods-Parstagram-ParstagramUITests/Pods-Parstagram-ParstagramUITests.release.xcconfig"; sourceTree = "<group>"; };
		6DCB0732A3E4278CAC7310DF /* Pods_Parstagram.framework */ = {isa = PBXFileReference; explicitFileType = wrapper.framework; includeInIndex = 0; path = Pods_Parstagram.framework; sourceTree = BUILT_PRODUCTS_DIR; };
		947FDA0757985106AA002095 /* Pods-Parstagram.debug.xcconfig */ = {isa = PBXFileReference; includeInIndex = 1; lastKnownFileType = text.xcconfig; name = "Pods-Parstagram.debug.xcconfig"; path = "Target Support Files/Pods-Parstagram/Pods-Parstagram.debug.xcconfig"; sourceTree = "<group>"; };
		BA18EDE217266201AFAADEA5 /* Pods-Parstagram.release.xcconfig */ = {isa = PBXFileReference; includeInIndex = 1; lastKnownFileType = text.xcconfig; name = "Pods-Parstagram.release.xcconfig"; path = "Target Support Files/Pods-Parstagram/Pods-Parstagram.release.xcconfig"; sourceTree = "<group>"; };
		C67CCD492A25A16FD6B409F7 /* Pods-ParstagramTests.release.xcconfig */ = {isa = PBXFileReference; includeInIndex = 1; lastKnownFileType = text.xcconfig; name = "Pods-ParstagramTests.release.xcconfig"; path = "Target Support Files/Pods-ParstagramTests/Pods-ParstagramTests.release.xcconfig"; sourceTree = "<group>"; };
		E878F649DF2BBF2B84CD3E9E /* Pods_ParstagramTests.framework */ = {isa = PBXFileReference; explicitFileType = wrapper.framework; includeInIndex = 0; path = Pods_ParstagramTests.framework; sourceTree = BUILT_PRODUCTS_DIR; };
/* End PBXFileReference section */

/* Begin PBXFrameworksBuildPhase section */
		0DBE5E98263A3A1E00568E57 /* Frameworks */ = {
			isa = PBXFrameworksBuildPhase;
			buildActionMask = 2147483647;
			files = (
				312DB1BBA202835456F90312 /* Pods_Parstagram.framework in Frameworks */,
			);
			runOnlyForDeploymentPostprocessing = 0;
		};
		0DBE5EAE263A3A1F00568E57 /* Frameworks */ = {
			isa = PBXFrameworksBuildPhase;
			buildActionMask = 2147483647;
			files = (
				076569DDADB4382A77CF0219 /* Pods_ParstagramTests.framework in Frameworks */,
			);
			runOnlyForDeploymentPostprocessing = 0;
		};
		0DBE5EB9263A3A2000568E57 /* Frameworks */ = {
			isa = PBXFrameworksBuildPhase;
			buildActionMask = 2147483647;
			files = (
				6B96354121B13F72648E47B8 /* Pods_Parstagram_ParstagramUITests.framework in Frameworks */,
			);
			runOnlyForDeploymentPostprocessing = 0;
		};
/* End PBXFrameworksBuildPhase section */

/* Begin PBXGroup section */
		0DBE5E92263A3A1E00568E57 = {
			isa = PBXGroup;
			children = (
				0DBE5E9D263A3A1E00568E57 /* Parstagram */,
				0DBE5EB4263A3A1F00568E57 /* ParstagramTests */,
				0DBE5EBF263A3A2000568E57 /* ParstagramUITests */,
				0DBE5E9C263A3A1E00568E57 /* Products */,
				99F348C61656FB8856F2D8B0 /* Pods */,
				466080E3D4B36BE85B5C1227 /* Frameworks */,
			);
			sourceTree = "<group>";
		};
		0DBE5E9C263A3A1E00568E57 /* Products */ = {
			isa = PBXGroup;
			children = (
				0DBE5E9B263A3A1E00568E57 /* Parstagram.app */,
				0DBE5EB1263A3A1F00568E57 /* ParstagramTests.xctest */,
				0DBE5EBC263A3A2000568E57 /* ParstagramUITests.xctest */,
			);
			name = Products;
			sourceTree = "<group>";
		};
		0DBE5E9D263A3A1E00568E57 /* Parstagram */ = {
			isa = PBXGroup;
			children = (
				0DBE5E9E263A3A1E00568E57 /* AppDelegate.swift */,
				0DBE5EA0263A3A1E00568E57 /* SceneDelegate.swift */,
				0DBE5EA4263A3A1E00568E57 /* Main.storyboard */,
				0DBE5EA7263A3A1F00568E57 /* Assets.xcassets */,
				0DBE5EA9263A3A1F00568E57 /* LaunchScreen.storyboard */,
				0DBE5EAC263A3A1F00568E57 /* Info.plist */,
				0DBE5EE0263A3E6700568E57 /* LoginViewController.swift */,
				0DBE5EE5263A3E8100568E57 /* FeedViewController.swift */,
				0DBE5EEA263A4CA100568E57 /* CameraViewController.swift */,
				0DBE5EFA263A83B600568E57 /* PostCell.swift */,
			);
			path = Parstagram;
			sourceTree = "<group>";
		};
		0DBE5EB4263A3A1F00568E57 /* ParstagramTests */ = {
			isa = PBXGroup;
			children = (
				0DBE5EB5263A3A1F00568E57 /* ParstagramTests.swift */,
				0DBE5EB7263A3A1F00568E57 /* Info.plist */,
			);
			path = ParstagramTests;
			sourceTree = "<group>";
		};
		0DBE5EBF263A3A2000568E57 /* ParstagramUITests */ = {
			isa = PBXGroup;
			children = (
				0DBE5EC0263A3A2000568E57 /* ParstagramUITests.swift */,
				0DBE5EC2263A3A2000568E57 /* Info.plist */,
			);
			path = ParstagramUITests;
			sourceTree = "<group>";
		};
		466080E3D4B36BE85B5C1227 /* Frameworks */ = {
			isa = PBXGroup;
			children = (
				6DCB0732A3E4278CAC7310DF /* Pods_Parstagram.framework */,
				43F628813F4D44A4C69149B2 /* Pods_Parstagram_ParstagramUITests.framework */,
				E878F649DF2BBF2B84CD3E9E /* Pods_ParstagramTests.framework */,
			);
			name = Frameworks;
			sourceTree = "<group>";
		};
		99F348C61656FB8856F2D8B0 /* Pods */ = {
			isa = PBXGroup;
			children = (
				947FDA0757985106AA002095 /* Pods-Parstagram.debug.xcconfig */,
				BA18EDE217266201AFAADEA5 /* Pods-Parstagram.release.xcconfig */,
				199772FF647B27DBF3F07151 /* Pods-Parstagram-ParstagramUITests.debug.xcconfig */,
				5F6D2D6F8BA2E071A3203643 /* Pods-Parstagram-ParstagramUITests.release.xcconfig */,
				3C8E4879C02A092D0115C3B2 /* Pods-ParstagramTests.debug.xcconfig */,
				C67CCD492A25A16FD6B409F7 /* Pods-ParstagramTests.release.xcconfig */,
			);
			path = Pods;
			sourceTree = "<group>";
		};
/* End PBXGroup section */

/* Begin PBXNativeTarget section */
		0DBE5E9A263A3A1E00568E57 /* Parstagram */ = {
			isa = PBXNativeTarget;
			buildConfigurationList = 0DBE5EC5263A3A2000568E57 /* Build configuration list for PBXNativeTarget "Parstagram" */;
			buildPhases = (
				AEAAC01A8CF2D51B491DB7A8 /* [CP] Check Pods Manifest.lock */,
				0DBE5E97263A3A1E00568E57 /* Sources */,
				0DBE5E98263A3A1E00568E57 /* Frameworks */,
				0DBE5E99263A3A1E00568E57 /* Resources */,
				065F01DF11B61636B306627E /* [CP] Embed Pods Frameworks */,
			);
			buildRules = (
			);
			dependencies = (
			);
			name = Parstagram;
			productName = Parstagram;
			productReference = 0DBE5E9B263A3A1E00568E57 /* Parstagram.app */;
			productType = "com.apple.product-type.application";
		};
		0DBE5EB0263A3A1F00568E57 /* ParstagramTests */ = {
			isa = PBXNativeTarget;
			buildConfigurationList = 0DBE5EC8263A3A2000568E57 /* Build configuration list for PBXNativeTarget "ParstagramTests" */;
			buildPhases = (
				26ED778890A8EFED14327E06 /* [CP] Check Pods Manifest.lock */,
				0DBE5EAD263A3A1F00568E57 /* Sources */,
				0DBE5EAE263A3A1F00568E57 /* Frameworks */,
				0DBE5EAF263A3A1F00568E57 /* Resources */,
			);
			buildRules = (
			);
			dependencies = (
				0DBE5EB3263A3A1F00568E57 /* PBXTargetDependency */,
			);
			name = ParstagramTests;
			productName = ParstagramTests;
			productReference = 0DBE5EB1263A3A1F00568E57 /* ParstagramTests.xctest */;
			productType = "com.apple.product-type.bundle.unit-test";
		};
		0DBE5EBB263A3A2000568E57 /* ParstagramUITests */ = {
			isa = PBXNativeTarget;
			buildConfigurationList = 0DBE5ECB263A3A2000568E57 /* Build configuration list for PBXNativeTarget "ParstagramUITests" */;
			buildPhases = (
				6B9DF39A2731386E321E05EF /* [CP] Check Pods Manifest.lock */,
				0DBE5EB8263A3A2000568E57 /* Sources */,
				0DBE5EB9263A3A2000568E57 /* Frameworks */,
				0DBE5EBA263A3A2000568E57 /* Resources */,
				01ACF9A5B66EE16C0FE41A4B /* [CP] Embed Pods Frameworks */,
			);
			buildRules = (
			);
			dependencies = (
				0DBE5EBE263A3A2000568E57 /* PBXTargetDependency */,
			);
			name = ParstagramUITests;
			productName = ParstagramUITests;
			productReference = 0DBE5EBC263A3A2000568E57 /* ParstagramUITests.xctest */;
			productType = "com.apple.product-type.bundle.ui-testing";
		};
/* End PBXNativeTarget section */

/* Begin PBXProject section */
		0DBE5E93263A3A1E00568E57 /* Project object */ = {
			isa = PBXProject;
			attributes = {
				LastSwiftUpdateCheck = 1230;
				LastUpgradeCheck = 1230;
				TargetAttributes = {
					0DBE5E9A263A3A1E00568E57 = {
						CreatedOnToolsVersion = 12.3;
					};
					0DBE5EB0263A3A1F00568E57 = {
						CreatedOnToolsVersion = 12.3;
						TestTargetID = 0DBE5E9A263A3A1E00568E57;
					};
					0DBE5EBB263A3A2000568E57 = {
						CreatedOnToolsVersion = 12.3;
						TestTargetID = 0DBE5E9A263A3A1E00568E57;
					};
				};
			};
			buildConfigurationList = 0DBE5E96263A3A1E00568E57 /* Build configuration list for PBXProject "Parstagram" */;
			compatibilityVersion = "Xcode 9.3";
			developmentRegion = en;
			hasScannedForEncodings = 0;
			knownRegions = (
				en,
				Base,
			);
			mainGroup = 0DBE5E92263A3A1E00568E57;
			productRefGroup = 0DBE5E9C263A3A1E00568E57 /* Products */;
			projectDirPath = "";
			projectRoot = "";
			targets = (
				0DBE5E9A263A3A1E00568E57 /* Parstagram */,
				0DBE5EB0263A3A1F00568E57 /* ParstagramTests */,
				0DBE5EBB263A3A2000568E57 /* ParstagramUITests */,
			);
		};
/* End PBXProject section */

/* Begin PBXResourcesBuildPhase section */
		0DBE5E99263A3A1E00568E57 /* Resources */ = {
			isa = PBXResourcesBuildPhase;
			buildActionMask = 2147483647;
			files = (
				0DBE5EAB263A3A1F00568E57 /* LaunchScreen.storyboard in Resources */,
				0DBE5EA8263A3A1F00568E57 /* Assets.xcassets in Resources */,
				0DBE5EA6263A3A1E00568E57 /* Main.storyboard in Resources */,
			);
			runOnlyForDeploymentPostprocessing = 0;
		};
		0DBE5EAF263A3A1F00568E57 /* Resources */ = {
			isa = PBXResourcesBuildPhase;
			buildActionMask = 2147483647;
			files = (
			);
			runOnlyForDeploymentPostprocessing = 0;
		};
		0DBE5EBA263A3A2000568E57 /* Resources */ = {
			isa = PBXResourcesBuildPhase;
			buildActionMask = 2147483647;
			files = (
			);
			runOnlyForDeploymentPostprocessing = 0;
		};
/* End PBXResourcesBuildPhase section */

/* Begin PBXShellScriptBuildPhase section */
		01ACF9A5B66EE16C0FE41A4B /* [CP] Embed Pods Frameworks */ = {
			isa = PBXShellScriptBuildPhase;
			buildActionMask = 2147483647;
			files = (
			);
			inputFileListPaths = (
				"${PODS_ROOT}/Target Support Files/Pods-Parstagram-ParstagramUITests/Pods-Parstagram-ParstagramUITests-frameworks-${CONFIGURATION}-input-files.xcfilelist",
			);
			name = "[CP] Embed Pods Frameworks";
			outputFileListPaths = (
				"${PODS_ROOT}/Target Support Files/Pods-Parstagram-ParstagramUITests/Pods-Parstagram-ParstagramUITests-frameworks-${CONFIGURATION}-output-files.xcfilelist",
			);
			runOnlyForDeploymentPostprocessing = 0;
			shellPath = /bin/sh;
			shellScript = "\"${PODS_ROOT}/Target Support Files/Pods-Parstagram-ParstagramUITests/Pods-Parstagram-ParstagramUITests-frameworks.sh\"\n";
			showEnvVarsInLog = 0;
		};
		065F01DF11B61636B306627E /* [CP] Embed Pods Frameworks */ = {
			isa = PBXShellScriptBuildPhase;
			buildActionMask = 2147483647;
			files = (
			);
			inputFileListPaths = (
				"${PODS_ROOT}/Target Support Files/Pods-Parstagram/Pods-Parstagram-frameworks-${CONFIGURATION}-input-files.xcfilelist",
			);
			name = "[CP] Embed Pods Frameworks";
			outputFileListPaths = (
				"${PODS_ROOT}/Target Support Files/Pods-Parstagram/Pods-Parstagram-frameworks-${CONFIGURATION}-output-files.xcfilelist",
			);
			runOnlyForDeploymentPostprocessing = 0;
			shellPath = /bin/sh;
			shellScript = "\"${PODS_ROOT}/Target Support Files/Pods-Parstagram/Pods-Parstagram-frameworks.sh\"\n";
			showEnvVarsInLog = 0;
		};
		26ED778890A8EFED14327E06 /* [CP] Check Pods Manifest.lock */ = {
			isa = PBXShellScriptBuildPhase;
			buildActionMask = 2147483647;
			files = (
			);
			inputFileListPaths = (
			);
			inputPaths = (
				"${PODS_PODFILE_DIR_PATH}/Podfile.lock",
				"${PODS_ROOT}/Manifest.lock",
			);
			name = "[CP] Check Pods Manifest.lock";
			outputFileListPaths = (
			);
			outputPaths = (
				"$(DERIVED_FILE_DIR)/Pods-ParstagramTests-checkManifestLockResult.txt",
			);
			runOnlyForDeploymentPostprocessing = 0;
			shellPath = /bin/sh;
			shellScript = "diff \"${PODS_PODFILE_DIR_PATH}/Podfile.lock\" \"${PODS_ROOT}/Manifest.lock\" > /dev/null\nif [ $? != 0 ] ; then\n    # print error to STDERR\n    echo \"error: The sandbox is not in sync with the Podfile.lock. Run 'pod install' or update your CocoaPods installation.\" >&2\n    exit 1\nfi\n# This output is used by Xcode 'outputs' to avoid re-running this script phase.\necho \"SUCCESS\" > \"${SCRIPT_OUTPUT_FILE_0}\"\n";
			showEnvVarsInLog = 0;
		};
		6B9DF39A2731386E321E05EF /* [CP] Check Pods Manifest.lock */ = {
			isa = PBXShellScriptBuildPhase;
			buildActionMask = 2147483647;
			files = (
			);
			inputFileListPaths = (
			);
			inputPaths = (
				"${PODS_PODFILE_DIR_PATH}/Podfile.lock",
				"${PODS_ROOT}/Manifest.lock",
			);
			name = "[CP] Check Pods Manifest.lock";
			outputFileListPaths = (
			);
			outputPaths = (
				"$(DERIVED_FILE_DIR)/Pods-Parstagram-ParstagramUITests-checkManifestLockResult.txt",
			);
			runOnlyForDeploymentPostprocessing = 0;
			shellPath = /bin/sh;
			shellScript = "diff \"${PODS_PODFILE_DIR_PATH}/Podfile.lock\" \"${PODS_ROOT}/Manifest.lock\" > /dev/null\nif [ $? != 0 ] ; then\n    # print error to STDERR\n    echo \"error: The sandbox is not in sync with the Podfile.lock. Run 'pod install' or update your CocoaPods installation.\" >&2\n    exit 1\nfi\n# This output is used by Xcode 'outputs' to avoid re-running this script phase.\necho \"SUCCESS\" > \"${SCRIPT_OUTPUT_FILE_0}\"\n";
			showEnvVarsInLog = 0;
		};
		AEAAC01A8CF2D51B491DB7A8 /* [CP] Check Pods Manifest.lock */ = {
			isa = PBXShellScriptBuildPhase;
			buildActionMask = 2147483647;
			files = (
			);
			inputFileListPaths = (
			);
			inputPaths = (
				"${PODS_PODFILE_DIR_PATH}/Podfile.lock",
				"${PODS_ROOT}/Manifest.lock",
			);
			name = "[CP] Check Pods Manifest.lock";
			outputFileListPaths = (
			);
			outputPaths = (
				"$(DERIVED_FILE_DIR)/Pods-Parstagram-checkManifestLockResult.txt",
			);
			runOnlyForDeploymentPostprocessing = 0;
			shellPath = /bin/sh;
			shellScript = "diff \"${PODS_PODFILE_DIR_PATH}/Podfile.lock\" \"${PODS_ROOT}/Manifest.lock\" > /dev/null\nif [ $? != 0 ] ; then\n    # print error to STDERR\n    echo \"error: The sandbox is not in sync with the Podfile.lock. Run 'pod install' or update your CocoaPods installation.\" >&2\n    exit 1\nfi\n# This output is used by Xcode 'outputs' to avoid re-running this script phase.\necho \"SUCCESS\" > \"${SCRIPT_OUTPUT_FILE_0}\"\n";
			showEnvVarsInLog = 0;
		};
/* End PBXShellScriptBuildPhase section */

/* Begin PBXSourcesBuildPhase section */
		0DBE5E97263A3A1E00568E57 /* Sources */ = {
			isa = PBXSourcesBuildPhase;
			buildActionMask = 2147483647;
			files = (
				0DBE5EE1263A3E6700568E57 /* LoginViewController.swift in Sources */,
				0DBE5EEB263A4CA100568E57 /* CameraViewController.swift in Sources */,
				0DBE5E9F263A3A1E00568E57 /* AppDelegate.swift in Sources */,
				0DBE5EE6263A3E8100568E57 /* FeedViewController.swift in Sources */,
				0DBE5EA1263A3A1E00568E57 /* SceneDelegate.swift in Sources */,
				0DBE5EFB263A83B600568E57 /* PostCell.swift in Sources */,
			);
			runOnlyForDeploymentPostprocessing = 0;
		};
		0DBE5EAD263A3A1F00568E57 /* Sources */ = {
			isa = PBXSourcesBuildPhase;
			buildActionMask = 2147483647;
			files = (
				0DBE5EB6263A3A1F00568E57 /* ParstagramTests.swift in Sources */,
			);
			runOnlyForDeploymentPostprocessing = 0;
		};
		0DBE5EB8263A3A2000568E57 /* Sources */ = {
			isa = PBXSourcesBuildPhase;
			buildActionMask = 2147483647;
			files = (
				0DBE5EC1263A3A2000568E57 /* ParstagramUITests.swift in Sources */,
			);
			runOnlyForDeploymentPostprocessing = 0;
		};
/* End PBXSourcesBuildPhase section */

/* Begin PBXTargetDependency section */
		0DBE5EB3263A3A1F00568E57 /* PBXTargetDependency */ = {
			isa = PBXTargetDependency;
			target = 0DBE5E9A263A3A1E00568E57 /* Parstagram */;
			targetProxy = 0DBE5EB2263A3A1F00568E57 /* PBXContainerItemProxy */;
		};
		0DBE5EBE263A3A2000568E57 /* PBXTargetDependency */ = {
			isa = PBXTargetDependency;
			target = 0DBE5E9A263A3A1E00568E57 /* Parstagram */;
			targetProxy = 0DBE5EBD263A3A2000568E57 /* PBXContainerItemProxy */;
		};
/* End PBXTargetDependency section */

/* Begin PBXVariantGroup section */
		0DBE5EA4263A3A1E00568E57 /* Main.storyboard */ = {
			isa = PBXVariantGroup;
			children = (
				0DBE5EA5263A3A1E00568E57 /* Base */,
			);
			name = Main.storyboard;
			sourceTree = "<group>";
		};
		0DBE5EA9263A3A1F00568E57 /* LaunchScreen.storyboard */ = {
			isa = PBXVariantGroup;
			children = (
				0DBE5EAA263A3A1F00568E57 /* Base */,
			);
			name = LaunchScreen.storyboard;
			sourceTree = "<group>";
		};
/* End PBXVariantGroup section */

/* Begin XCBuildConfiguration section */
		0DBE5EC3263A3A2000568E57 /* Debug */ = {
			isa = XCBuildConfiguration;
			buildSettings = {
				ALWAYS_SEARCH_USER_PATHS = NO;
				CLANG_ANALYZER_NONNULL = YES;
				CLANG_ANALYZER_NUMBER_OBJECT_CONVERSION = YES_AGGRESSIVE;
				CLANG_CXX_LANGUAGE_STANDARD = "gnu++14";
				CLANG_CXX_LIBRARY = "libc++";
				CLANG_ENABLE_MODULES = YES;
				CLANG_ENABLE_OBJC_ARC = YES;
				CLANG_ENABLE_OBJC_WEAK = YES;
				CLANG_WARN_BLOCK_CAPTURE_AUTORELEASING = YES;
				CLANG_WARN_BOOL_CONVERSION = YES;
				CLANG_WARN_COMMA = YES;
				CLANG_WARN_CONSTANT_CONVERSION = YES;
				CLANG_WARN_DEPRECATED_OBJC_IMPLEMENTATIONS = YES;
				CLANG_WARN_DIRECT_OBJC_ISA_USAGE = YES_ERROR;
				CLANG_WARN_DOCUMENTATION_COMMENTS = YES;
				CLANG_WARN_EMPTY_BODY = YES;
				CLANG_WARN_ENUM_CONVERSION = YES;
				CLANG_WARN_INFINITE_RECURSION = YES;
				CLANG_WARN_INT_CONVERSION = YES;
				CLANG_WARN_NON_LITERAL_NULL_CONVERSION = YES;
				CLANG_WARN_OBJC_IMPLICIT_RETAIN_SELF = YES;
				CLANG_WARN_OBJC_LITERAL_CONVERSION = YES;
				CLANG_WARN_OBJC_ROOT_CLASS = YES_ERROR;
				CLANG_WARN_QUOTED_INCLUDE_IN_FRAMEWORK_HEADER = YES;
				CLANG_WARN_RANGE_LOOP_ANALYSIS = YES;
				CLANG_WARN_STRICT_PROTOTYPES = YES;
				CLANG_WARN_SUSPICIOUS_MOVE = YES;
				CLANG_WARN_UNGUARDED_AVAILABILITY = YES_AGGRESSIVE;
				CLANG_WARN_UNREACHABLE_CODE = YES;
				CLANG_WARN__DUPLICATE_METHOD_MATCH = YES;
				COPY_PHASE_STRIP = NO;
				DEBUG_INFORMATION_FORMAT = dwarf;
				ENABLE_STRICT_OBJC_MSGSEND = YES;
				ENABLE_TESTABILITY = YES;
				GCC_C_LANGUAGE_STANDARD = gnu11;
				GCC_DYNAMIC_NO_PIC = NO;
				GCC_NO_COMMON_BLOCKS = YES;
				GCC_OPTIMIZATION_LEVEL = 0;
				GCC_PREPROCESSOR_DEFINITIONS = (
					"DEBUG=1",
					"$(inherited)",
				);
				GCC_WARN_64_TO_32_BIT_CONVERSION = YES;
				GCC_WARN_ABOUT_RETURN_TYPE = YES_ERROR;
				GCC_WARN_UNDECLARED_SELECTOR = YES;
				GCC_WARN_UNINITIALIZED_AUTOS = YES_AGGRESSIVE;
				GCC_WARN_UNUSED_FUNCTION = YES;
				GCC_WARN_UNUSED_VARIABLE = YES;
				IPHONEOS_DEPLOYMENT_TARGET = 14.3;
				MTL_ENABLE_DEBUG_INFO = INCLUDE_SOURCE;
				MTL_FAST_MATH = YES;
				ONLY_ACTIVE_ARCH = YES;
				SDKROOT = iphoneos;
				SWIFT_ACTIVE_COMPILATION_CONDITIONS = DEBUG;
				SWIFT_OPTIMIZATION_LEVEL = "-Onone";
			};
			name = Debug;
		};
		0DBE5EC4263A3A2000568E57 /* Release */ = {
			isa = XCBuildConfiguration;
			buildSettings = {
				ALWAYS_SEARCH_USER_PATHS = NO;
				CLANG_ANALYZER_NONNULL = YES;
				CLANG_ANALYZER_NUMBER_OBJECT_CONVERSION = YES_AGGRESSIVE;
				CLANG_CXX_LANGUAGE_STANDARD = "gnu++14";
				CLANG_CXX_LIBRARY = "libc++";
				CLANG_ENABLE_MODULES = YES;
				CLANG_ENABLE_OBJC_ARC = YES;
				CLANG_ENABLE_OBJC_WEAK = YES;
				CLANG_WARN_BLOCK_CAPTURE_AUTORELEASING = YES;
				CLANG_WARN_BOOL_CONVERSION = YES;
				CLANG_WARN_COMMA = YES;
				CLANG_WARN_CONSTANT_CONVERSION = YES;
				CLANG_WARN_DEPRECATED_OBJC_IMPLEMENTATIONS = YES;
				CLANG_WARN_DIRECT_OBJC_ISA_USAGE = YES_ERROR;
				CLANG_WARN_DOCUMENTATION_COMMENTS = YES;
				CLANG_WARN_EMPTY_BODY = YES;
				CLANG_WARN_ENUM_CONVERSION = YES;
				CLANG_WARN_INFINITE_RECURSION = YES;
				CLANG_WARN_INT_CONVERSION = YES;
				CLANG_WARN_NON_LITERAL_NULL_CONVERSION = YES;
				CLANG_WARN_OBJC_IMPLICIT_RETAIN_SELF = YES;
				CLANG_WARN_OBJC_LITERAL_CONVERSION = YES;
				CLANG_WARN_OBJC_ROOT_CLASS = YES_ERROR;
				CLANG_WARN_QUOTED_INCLUDE_IN_FRAMEWORK_HEADER = YES;
				CLANG_WARN_RANGE_LOOP_ANALYSIS = YES;
				CLANG_WARN_STRICT_PROTOTYPES = YES;
				CLANG_WARN_SUSPICIOUS_MOVE = YES;
				CLANG_WARN_UNGUARDED_AVAILABILITY = YES_AGGRESSIVE;
				CLANG_WARN_UNREACHABLE_CODE = YES;
				CLANG_WARN__DUPLICATE_METHOD_MATCH = YES;
				COPY_PHASE_STRIP = NO;
				DEBUG_INFORMATION_FORMAT = "dwarf-with-dsym";
				ENABLE_NS_ASSERTIONS = NO;
				ENABLE_STRICT_OBJC_MSGSEND = YES;
				GCC_C_LANGUAGE_STANDARD = gnu11;
				GCC_NO_COMMON_BLOCKS = YES;
				GCC_WARN_64_TO_32_BIT_CONVERSION = YES;
				GCC_WARN_ABOUT_RETURN_TYPE = YES_ERROR;
				GCC_WARN_UNDECLARED_SELECTOR = YES;
				GCC_WARN_UNINITIALIZED_AUTOS = YES_AGGRESSIVE;
				GCC_WARN_UNUSED_FUNCTION = YES;
				GCC_WARN_UNUSED_VARIABLE = YES;
				IPHONEOS_DEPLOYMENT_TARGET = 14.3;
				MTL_ENABLE_DEBUG_INFO = NO;
				MTL_FAST_MATH = YES;
				SDKROOT = iphoneos;
				SWIFT_COMPILATION_MODE = wholemodule;
				SWIFT_OPTIMIZATION_LEVEL = "-O";
				VALIDATE_PRODUCT = YES;
			};
			name = Release;
		};
		0DBE5EC6263A3A2000568E57 /* Debug */ = {
			isa = XCBuildConfiguration;
			baseConfigurationReference = 947FDA0757985106AA002095 /* Pods-Parstagram.debug.xcconfig */;
			buildSettings = {
				ASSETCATALOG_COMPILER_APPICON_NAME = AppIcon;
				ASSETCATALOG_COMPILER_GLOBAL_ACCENT_COLOR_NAME = AccentColor;
				CODE_SIGN_STYLE = Automatic;
				INFOPLIST_FILE = Parstagram/Info.plist;
				LD_RUNPATH_SEARCH_PATHS = (
					"$(inherited)",
					"@executable_path/Frameworks",
				);
				PRODUCT_BUNDLE_IDENTIFIER = hmc.Parstagram;
				PRODUCT_NAME = "$(TARGET_NAME)";
				SWIFT_VERSION = 5.0;
				TARGETED_DEVICE_FAMILY = "1,2";
			};
			name = Debug;
		};
		0DBE5EC7263A3A2000568E57 /* Release */ = {
			isa = XCBuildConfiguration;
			baseConfigurationReference = BA18EDE217266201AFAADEA5 /* Pods-Parstagram.release.xcconfig */;
			buildSettings = {
				ASSETCATALOG_COMPILER_APPICON_NAME = AppIcon;
				ASSETCATALOG_COMPILER_GLOBAL_ACCENT_COLOR_NAME = AccentColor;
				CODE_SIGN_STYLE = Automatic;
				INFOPLIST_FILE = Parstagram/Info.plist;
				LD_RUNPATH_SEARCH_PATHS = (
					"$(inherited)",
					"@executable_path/Frameworks",
				);
				PRODUCT_BUNDLE_IDENTIFIER = hmc.Parstagram;
				PRODUCT_NAME = "$(TARGET_NAME)";
				SWIFT_VERSION = 5.0;
				TARGETED_DEVICE_FAMILY = "1,2";
			};
			name = Release;
		};
		0DBE5EC9263A3A2000568E57 /* Debug */ = {
			isa = XCBuildConfiguration;
			baseConfigurationReference = 3C8E4879C02A092D0115C3B2 /* Pods-ParstagramTests.debug.xcconfig */;
			buildSettings = {
				ALWAYS_EMBED_SWIFT_STANDARD_LIBRARIES = YES;
				BUNDLE_LOADER = "$(TEST_HOST)";
				CODE_SIGN_STYLE = Automatic;
				INFOPLIST_FILE = ParstagramTests/Info.plist;
				IPHONEOS_DEPLOYMENT_TARGET = 14.3;
				LD_RUNPATH_SEARCH_PATHS = (
					"$(inherited)",
					"@executable_path/Frameworks",
					"@loader_path/Frameworks",
				);
				PRODUCT_BUNDLE_IDENTIFIER = hmc.ParstagramTests;
				PRODUCT_NAME = "$(TARGET_NAME)";
				SWIFT_VERSION = 5.0;
				TARGETED_DEVICE_FAMILY = "1,2";
				TEST_HOST = "$(BUILT_PRODUCTS_DIR)/Parstagram.app/Parstagram";
			};
			name = Debug;
		};
		0DBE5ECA263A3A2000568E57 /* Release */ = {
			isa = XCBuildConfiguration;
			baseConfigurationReference = C67CCD492A25A16FD6B409F7 /* Pods-ParstagramTests.release.xcconfig */;
			buildSettings = {
				ALWAYS_EMBED_SWIFT_STANDARD_LIBRARIES = YES;
				BUNDLE_LOADER = "$(TEST_HOST)";
				CODE_SIGN_STYLE = Automatic;
				INFOPLIST_FILE = ParstagramTests/Info.plist;
				IPHONEOS_DEPLOYMENT_TARGET = 14.3;
				LD_RUNPATH_SEARCH_PATHS = (
					"$(inherited)",
					"@executable_path/Frameworks",
					"@loader_path/Frameworks",
				);
				PRODUCT_BUNDLE_IDENTIFIER = hmc.ParstagramTests;
				PRODUCT_NAME = "$(TARGET_NAME)";
				SWIFT_VERSION = 5.0;
				TARGETED_DEVICE_FAMILY = "1,2";
				TEST_HOST = "$(BUILT_PRODUCTS_DIR)/Parstagram.app/Parstagram";
			};
			name = Release;
		};
		0DBE5ECC263A3A2000568E57 /* Debug */ = {
			isa = XCBuildConfiguration;
			baseConfigurationReference = 199772FF647B27DBF3F07151 /* Pods-Parstagram-ParstagramUITests.debug.xcconfig */;
			buildSettings = {
				ALWAYS_EMBED_SWIFT_STANDARD_LIBRARIES = YES;
				CODE_SIGN_STYLE = Automatic;
				INFOPLIST_FILE = ParstagramUITests/Info.plist;
				LD_RUNPATH_SEARCH_PATHS = (
					"$(inherited)",
					"@executable_path/Frameworks",
					"@loader_path/Frameworks",
				);
				PRODUCT_BUNDLE_IDENTIFIER = hmc.ParstagramUITests;
				PRODUCT_NAME = "$(TARGET_NAME)";
				SWIFT_VERSION = 5.0;
				TARGETED_DEVICE_FAMILY = "1,2";
				TEST_TARGET_NAME = Parstagram;
			};
			name = Debug;
		};
		0DBE5ECD263A3A2000568E57 /* Release */ = {
			isa = XCBuildConfiguration;
			baseConfigurationReference = 5F6D2D6F8BA2E071A3203643 /* Pods-Parstagram-ParstagramUITests.release.xcconfig */;
			buildSettings = {
				ALWAYS_EMBED_SWIFT_STANDARD_LIBRARIES = YES;
				CODE_SIGN_STYLE = Automatic;
				INFOPLIST_FILE = ParstagramUITests/Info.plist;
				LD_RUNPATH_SEARCH_PATHS = (
					"$(inherited)",
					"@executable_path/Frameworks",
					"@loader_path/Frameworks",
				);
				PRODUCT_BUNDLE_IDENTIFIER = hmc.ParstagramUITests;
				PRODUCT_NAME = "$(TARGET_NAME)";
				SWIFT_VERSION = 5.0;
				TARGETED_DEVICE_FAMILY = "1,2";
				TEST_TARGET_NAME = Parstagram;
			};
			name = Release;
		};
/* End XCBuildConfiguration section */

/* Begin XCConfigurationList section */
		0DBE5E96263A3A1E00568E57 /* Build configuration list for PBXProject "Parstagram" */ = {
			isa = XCConfigurationList;
			buildConfigurations = (
				0DBE5EC3263A3A2000568E57 /* Debug */,
				0DBE5EC4263A3A2000568E57 /* Release */,
			);
			defaultConfigurationIsVisible = 0;
			defaultConfigurationName = Release;
		};
		0DBE5EC5263A3A2000568E57 /* Build configuration list for PBXNativeTarget "Parstagram" */ = {
			isa = XCConfigurationList;
			buildConfigurations = (
				0DBE5EC6263A3A2000568E57 /* Debug */,
				0DBE5EC7263A3A2000568E57 /* Release */,
			);
			defaultConfigurationIsVisible = 0;
			defaultConfigurationName = Release;
		};
		0DBE5EC8263A3A2000568E57 /* Build configuration list for PBXNativeTarget "ParstagramTests" */ = {
			isa = XCConfigurationList;
			buildConfigurations = (
				0DBE5EC9263A3A2000568E57 /* Debug */,
				0DBE5ECA263A3A2000568E57 /* Release */,
			);
			defaultConfigurationIsVisible = 0;
			defaultConfigurationName = Release;
		};
		0DBE5ECB263A3A2000568E57 /* Build configuration list for PBXNativeTarget "ParstagramUITests" */ = {
			isa = XCConfigurationList;
			buildConfigurations = (
				0DBE5ECC263A3A2000568E57 /* Debug */,
				0DBE5ECD263A3A2000568E57 /* Release */,
			);
			defaultConfigurationIsVisible = 0;
			defaultConfigurationName = Release;
		};
/* End XCConfigurationList section */
	};
	rootObject = 0DBE5E93263A3A1E00568E57 /* Project object */;
}
